
Microsoft Visual Studio Solution File, Format Version 12.00
# Visual Studio Version 17
VisualStudioVersion = 17.0.31903.59
MinimumVisualStudioVersion = 10.0.40219.1
Project("{2150E333-8FDC-42A3-9474-1A3956D46DE8}") = "src", "src", "{827E0CD3-B72D-47B6-A68D-7590B98EB39B}"
EndProject
Project("{FAE04EC0-301F-11D3-BF4B-00C04F79EFBC}") = "RaidRecovery.Server", "src\RaidRecovery.Server\RaidRecovery.Server.csproj", "{95FAABEC-A09E-46CB-AB5C-C9B7C38153E8}"
EndProject
Project("{FAE04EC0-301F-11D3-BF4B-00C04F79EFBC}") = "RaidRecovery.Client", "src\RaidRecovery.Client\RaidRecovery.Client.csproj", "{4F443735-C357-40A9-A7E9-C780E9D74CC0}"
EndProject
Project("{2150E333-8FDC-42A3-9474-1A3956D46DE8}") = "tests", "tests", "{0AB3BF05-4346-4AA6-1389-037BE0695223}"
EndProject
Project("{FAE04EC0-301F-11D3-BF4B-00C04F79EFBC}") = "RaidRecovery.Server.Tests", "tests\RaidRecovery.Server.Tests\RaidRecovery.Server.Tests.csproj", "{CDE75655-FA67-4808-A193-9EFC4EC6F165}"
EndProject
Global
	GlobalSection(SolutionConfigurationPlatforms) = preSolution
		Debug|Any CPU = Debug|Any CPU
		Debug|x64 = Debug|x64
		Debug|x86 = Debug|x86
		Release|Any CPU = Release|Any CPU
		Release|x64 = Release|x64
		Release|x86 = Release|x86
	EndGlobalSection
	GlobalSection(ProjectConfigurationPlatforms) = postSolution
		{95FAABEC-A09E-46CB-AB5C-C9B7C38153E8}.Debug|Any CPU.ActiveCfg = Debug|Any CPU
		{95FAABEC-A09E-46CB-AB5C-C9B7C38153E8}.Debug|Any CPU.Build.0 = Debug|Any CPU
		{95FAABEC-A09E-46CB-AB5C-C9B7C38153E8}.Debug|x64.ActiveCfg = Debug|Any CPU
		{95FAABEC-A09E-46CB-AB5C-C9B7C38153E8}.Debug|x64.Build.0 = Debug|Any CPU
		{95FAABEC-A09E-46CB-AB5C-C9B7C38153E8}.Debug|x86.ActiveCfg = Debug|Any CPU
		{95FAABEC-A09E-46CB-AB5C-C9B7C38153E8}.Debug|x86.Build.0 = Debug|Any CPU
		{95FAABEC-A09E-46CB-AB5C-C9B7C38153E8}.Release|Any CPU.ActiveCfg = Release|Any CPU
		{95FAABEC-A09E-46CB-AB5C-C9B7C38153E8}.Release|Any CPU.Build.0 = Release|Any CPU
		{95FAABEC-A09E-46CB-AB5C-C9B7C38153E8}.Release|x64.ActiveCfg = Release|Any CPU
		{95FAABEC-A09E-46CB-AB5C-C9B7C38153E8}.Release|x64.Build.0 = Release|Any CPU
		{95FAABEC-A09E-46CB-AB5C-C9B7C38153E8}.Release|x86.ActiveCfg = Release|Any CPU
		{95FAABEC-A09E-46CB-AB5C-C9B7C38153E8}.Release|x86.Build.0 = Release|Any CPU
		{4F443735-C357-40A9-A7E9-C780E9D74CC0}.Debug|Any CPU.ActiveCfg = Debug|Any CPU
		{4F443735-C357-40A9-A7E9-C780E9D74CC0}.Debug|Any CPU.Build.0 = Debug|Any CPU
		{4F443735-C357-40A9-A7E9-C780E9D74CC0}.Debug|x64.ActiveCfg = Debug|Any CPU
		{4F443735-C357-40A9-A7E9-C780E9D74CC0}.Debug|x64.Build.0 = Debug|Any CPU
		{4F443735-C357-40A9-A7E9-C780E9D74CC0}.Debug|x86.ActiveCfg = Debug|Any CPU
		{4F443735-C357-40A9-A7E9-C780E9D74CC0}.Debug|x86.Build.0 = Debug|Any CPU
		{4F443735-C357-40A9-A7E9-C780E9D74CC0}.Release|Any CPU.ActiveCfg = Release|Any CPU
		{4F443735-C357-40A9-A7E9-C780E9D74CC0}.Release|Any CPU.Build.0 = Release|Any CPU
		{4F443735-C357-40A9-A7E9-C780E9D74CC0}.Release|x64.ActiveCfg = Release|Any CPU
		{4F443735-C357-40A9-A7E9-C780E9D74CC0}.Release|x64.Build.0 = Release|Any CPU
		{4F443735-C357-40A9-A7E9-C780E9D74CC0}.Release|x86.ActiveCfg = Release|Any CPU
		{4F443735-C357-40A9-A7E9-C780E9D74CC0}.Release|x86.Build.0 = Release|Any CPU
		{CDE75655-FA67-4808-A193-9EFC4EC6F165}.Debug|Any CPU.ActiveCfg = Debug|Any CPU
		{CDE75655-FA67-4808-A193-9EFC4EC6F165}.Debug|Any CPU.Build.0 = Debug|Any CPU
		{CDE75655-FA67-4808-A193-9EFC4EC6F165}.Debug|x64.ActiveCfg = Debug|Any CPU
		{CDE75655-FA67-4808-A193-9EFC4EC6F165}.Debug|x64.Build.0 = Debug|Any CPU
		{CDE75655-FA67-4808-A193-9EFC4EC6F165}.Debug|x86.ActiveCfg = Debug|Any CPU
		{CDE75655-FA67-4808-A193-9EFC4EC6F165}.Debug|x86.Build.0 = Debug|Any CPU
		{CDE75655-FA67-4808-A193-9EFC4EC6F165}.Release|Any CPU.ActiveCfg = Release|Any CPU
		{CDE75655-FA67-4808-A193-9EFC4EC6F165}.Release|Any CPU.Build.0 = Release|Any CPU
		{CDE75655-FA67-4808-A193-9EFC4EC6F165}.Release|x64.ActiveCfg = Release|Any CPU
		{CDE75655-FA67-4808-A193-9EFC4EC6F165}.Release|x64.Build.0 = Release|Any CPU
		{CDE75655-FA67-4808-A193-9EFC4EC6F165}.Release|x86.ActiveCfg = Release|Any CPU
		{CDE75655-FA67-4808-A193-9EFC4EC6F165}.Release|x86.Build.0 = Release|Any CPU
	EndGlobalSection
	GlobalSection(SolutionProperties) = preSolution
		HideSolutionNode = FALSE
	EndGlobalSection
	GlobalSection(NestedProjects) = preSolution
		{95FAABEC-A09E-46CB-AB5C-C9B7C38153E8} = {827E0CD3-B72D-47B6-A68D-7590B98EB39B}
		{4F443735-C357-40A9-A7E9-C780E9D74CC0} = {827E0CD3-B72D-47B6-A68D-7590B98EB39B}
		{CDE75655-FA67-4808-A193-9EFC4EC6F165} = {0AB3BF05-4346-4AA6-1389-037BE0695223}
	EndGlobalSection
EndGlobal
